<?xml version="1.0" encoding="UTF-8" standalone="yes" ?>
<CodeBlocks_project_file>
	<FileVersion major="1" minor="6" />
	<Project>
		<Option title="Document Summarization" />
		<Option pch_mode="2" />
		<Option compiler="gcc" />
		<Build>
			<Target title="Debug">
				<Option output="bin/Debug/Document Summarization" prefix_auto="1" extension_auto="1" />
				<Option object_output="obj/Debug/" />
				<Option type="1" />
				<Option compiler="gcc" />
				<Compiler>
					<Add option="-g" />
					<Add directory="include" />
				</Compiler>
			</Target>
			<Target title="Release">
				<Option output="bin/Release/Document Summarization" prefix_auto="1" extension_auto="1" />
				<Option object_output="obj/Release/" />
				<Option type="1" />
				<Option compiler="gcc" />
				<Compiler>
					<Add option="-O2" />
					<Add directory="include" />
				</Compiler>
				<Linker>
					<Add option="-s" />
				</Linker>
			</Target>
		</Build>
		<Compiler>
			<Add option="-Wall" />
			<Add option="-fexceptions" />
		</Compiler>
		<Unit filename="Degree.cpp" />
		<Unit filename="Degree.h" />
		<Unit filename="Global.cpp" />
		<Unit filename="Global.h" />
		<Unit filename="Graph_formation.cpp" />
		<Unit filename="Graph_formation.h" />
		<Unit filename="Key_phrase.cpp" />
		<Unit filename="Key_phrase.h" />
		<Unit filename="Mapping_DifferentWords.cpp" />
		<Unit filename="Mapping_DifferentWords.h" />
		<Unit filename="Mapping_Stopwords.cpp" />
		<Unit filename="Mapping_Stopwords.h" />
		<Unit filename="Separating_Sentences.cpp" />
		<Unit filename="Separating_Sentences.h" />
		<Unit filename="SubSentence.cpp" />
		<Unit filename="SubSentence.h" />
		<Unit filename="main.cpp" />
		<Extensions>
			<code_completion />
			<debugger />
			<envvars />
		</Extensions>
	</Project>
</CodeBlocks_project_file>
